{
  "version": 4,
  "terraform_version": "1.12.5",
  "serial": 2,
  "lineage": "11805e21-a568-9f80-b116-b9aa2c2ab0ec",
  "outputs": {
    "boot_disk_id": {
      "value": "fhmbkn4tegpfvp90pvgu",
      "type": "string"
    },
    "external_ip_address": {
      "value": "111.88.245.4",
      "type": "string"
    },
    "fqdn": {
      "value": "fhm43obrlsu6frq2e1lj.auto.internal",
      "type": "string"
    },
    "instance_id": {
      "value": "fhm43obrlsu6frq2e1lj",
      "type": "string"
    },
    "internal_ip_address": {
      "value": "10.128.0.23",
      "type": "string"
    },
    "name": {
      "value": "app-dev",
      "type": "string"
    },
    "zone": {
      "value": "ru-central1-a",
      "type": "string"
    }
  },
  "resources": [
    {
      "module": "module.vm",
      "mode": "data",
      "type": "yandex_compute_image",
      "name": "os_image",
      "provider": "provider[\"registry.opentofu.org/hashicorp/yandex\"]",
      "instances": [
        {
          "schema_version": 0,
          "attributes": {
            "created_at": "2026-08-03T18:25:59Z",
            "description": "Ubuntu 22.04 lts v20260731030136",
            "family": "ubuntu-2204-lts",
            "folder_id": "standard-images",
            "id": "fd8548a3jsnsqvdksljd",
            "image_id": "fd8548a3jsnsqvdksljd",
            "labels": {
              "version": "20260731030136",
              "x-hopper-operation-id": "d9p8m8fasknkc8tjq3l5",
              "x-hopper-source-image-id": "fd8cln48net9ttr862u8"
            },
            "min_disk_size": 8,
            "name": "ubuntu-22-04-lts-v20260803",
            "os_type": "linux",
            "pooled": true,
            "product_ids": [
              "f2e7tfqu87s2bsgueq47"
            ],
            "size": 2,
            "status": "ready"
          },
          "sensitive_attributes": []
        }
      ]
    },
    {
      "module": "module.vm",
      "mode": "managed",
      "type": "yandex_compute_instance",
      "name": "this",
      "provider": "provider[\"registry.opentofu.org/hashicorp/yandex\"]",
      "instances": [
        {
          "schema_version": 1,
          "attributes": {
            "allow_recreate": null,
            "allow_stopping_for_update": null,
            "boot_disk": [
              {
                "auto_delete": true,
                "device_name": "fhmbkn4tegpfvp90pvgu",
                "disk_id": "fhmbkn4tegpfvp90pvgu",
                "initialize_params": [
                  {
                    "block_size": 4096,
                    "description": "",
                    "image_id": "fd8548a3jsnsqvdksljd",
                    "name": "",
                    "size": 20,
                    "snapshot_id": "",
                    "type": "network-hdd"
                  }
                ],
                "mode": "READ_WRITE"
              }
            ],
            "created_at": "2026-08-13T06:08:13Z",
            "description": "",
            "filesystem": [],
            "folder_id": "b1gss7mrahaff07vko61",
            "fqdn": "fhm43obrlsu6frq2e1lj.auto.internal",
            "gpu_cluster_id": "",
            "hostname": "",
            "id": "fhm43obrlsu6frq2e1lj",
            "labels": {
              "env": "dev",
              "team": "platform"
            },
            "local_disk": [],
            "maintenance_grace_period": "",
            "maintenance_policy": null,
            "metadata": {
              "ssh-keys": "ubuntu:ssh-ed25519 AAAAC3NzaC1lZDI1NTE5AAAAIR_PUBLIC_KEY user@example"
            },
            "metadata_options": [
              {
                "aws_v1_http_endpoint": 1,
                "aws_v1_http_token": 2,
                "gce_http_endpoint": 1,
                "gce_http_token": 1
              }
            ],
            "name": "app-dev",
            "network_acceleration_type": "standard",
            "network_interface": [
              {
                "dns_record": [],
                "index": 0,
                "ip_address": "10.128.0.23",
                "ipv4": true,
                "ipv6": false,
                "ipv6_address": "",
                "ipv6_dns_record": [],
                "mac_address": "d0:0d:41:e1:7b:af",
                "nat": true,
                "nat_dns_record": [],
                "nat_ip_address": "111.88.245.4",
                "nat_ip_version": "IPV4",
                "security_group_ids": [],
                "subnet_id": "e9bcpe73l5kobvk1d0gh"
              }
            ],
            "placement_policy": [
              {
                "host_affinity_rules": [],
                "placement_group_id": "",
                "placement_group_partition": 0
              }
            ],
            "platform_id": "standard-v3",
            "resources": [
              {
                "core_fraction": 20,
                "cores": 2,
                "gpus": 0,
                "memory": 2
              }
            ],
            "scheduling_policy": [
              {
                "preemptible": true
              }
            ],
            "secondary_disk": [],
            "service_account_id": "",
            "status": "running",
            "timeouts": null,
            "zone": "ru-central1-a"
          },
          "sensitive_attributes": [],
          "private": "eyJlMmJmYjczMC1lY2FhLTExZTYtOGY4OC0zNDM2M2JjN2M0YzAiOnsiY3JlYXRlIjozMDAwMDAwMDAwMDAsImRlbGV0ZSI6MzAwMDAwMDAwMDAwLCJ1cGRhdGUiOjMwMDAwMDAwMDAwMH0sInNjaGVtYV92ZXJzaW9uIjoiMSJ9",
          "dependencies": [
            "module.vm.data.yandex_compute_image.os_image"
          ]
        }
      ]
    }
  ],
  "check_results": [
    {
      "object_kind": "var",
      "config_addr": "module.vm.var.image_family",
      "status": "pass",
      "objects": [
        {
          "object_addr": "module.vm.var.image_family",
          "status": "pass"
        }
      ]
    },
    {
      "object_kind": "var",
      "config_addr": "module.vm.var.folder_id",
      "status": "pass",
      "objects": [
        {
          "object_addr": "module.vm.var.folder_id",
          "status": "pass"
        }
      ]
    },
    {
      "object_kind": "var",
      "config_addr": "module.vm.var.memory",
      "status": "pass",
      "objects": [
        {
          "object_addr": "module.vm.var.memory",
          "status": "pass"
        }
      ]
    },
    {
      "object_kind": "var",
      "config_addr": "module.vm.var.core_fraction",
      "status": "pass",
      "objects": [
        {
          "object_addr": "module.vm.var.core_fraction",
          "status": "pass"
        }
      ]
    },
    {
      "object_kind": "var",
      "config_addr": "module.vm.var.cores",
      "status": "pass",
      "objects": [
        {
          "object_addr": "module.vm.var.cores",
          "status": "pass"
        }
      ]
    },
    {
      "object_kind": "var",
      "config_addr": "module.vm.var.zone",
      "status": "pass",
      "objects": [
        {
          "object_addr": "module.vm.var.zone",
          "status": "pass"
        }
      ]
    },
    {
      "object_kind": "var",
      "config_addr": "module.vm.var.subnet_id",
      "status": "pass",
      "objects": [
        {
          "object_addr": "module.vm.var.subnet_id",
          "status": "pass"
        }
      ]
    },
    {
      "object_kind": "var",
      "config_addr": "module.vm.var.name",
      "status": "pass",
      "objects": [
        {
          "object_addr": "module.vm.var.name",
          "status": "pass"
        }
      ]
    },
    {
      "object_kind": "var",
      "config_addr": "module.vm.var.ssh_public_key",
      "status": "pass",
      "objects": [
        {
          "object_addr": "module.vm.var.ssh_public_key",
          "status": "pass"
        }
      ]
    }
  ]
}

